{
  "version": 4,
  "terraform_version": "0.14.9",
  "serial": 520,
  "lineage": "3275522b-2d2a-c1c7-d3ed-dbed0a5fb130",
  "outputs": {
    "alb_dns_name": {
      "value": "example-1534554009.ap-northeast-1.elb.amazonaws.com",
      "type": "string"
    },
    "domain_name": {
      "value": "niyokee.com",
      "type": "string"
    }
  },
  "resources": [
    {
      "mode": "data",
      "type": "aws_iam_policy_document",
      "name": "alb_log",
      "provider": "provider[\"registry.terraform.io/hashicorp/aws\"]",
      "instances": [
        {
          "schema_version": 0,
          "attributes": {
            "id": "655086924",
            "json": "{\n  \"Version\": \"2012-10-17\",\n  \"Statement\": [\n    {\n      \"Sid\": \"\",\n      \"Effect\": \"Allow\",\n      \"Action\": \"s3:PutObject\",\n      \"Resource\": \"arn:aws:s3:::alb-log-pragmatic-terraform-2022-04-26/*\",\n      \"Principal\": {\n        \"AWS\": \"582318560864\"\n      }\n    }\n  ]\n}",
            "override_json": null,
            "override_policy_documents": null,
            "policy_id": null,
            "source_json": null,
            "source_policy_documents": null,
            "statement": [
              {
                "actions": [
                  "s3:PutObject"
                ],
                "condition": [],
                "effect": "Allow",
                "not_actions": [],
                "not_principals": [],
                "not_resources": [],
                "principals": [
                  {
                    "identifiers": [
                      "582318560864"
                    ],
                    "type": "AWS"
                  }
                ],
                "resources": [
                  "arn:aws:s3:::alb-log-pragmatic-terraform-2022-04-26/*"
                ],
                "sid": ""
              }
            ],
            "version": "2012-10-17"
          },
          "sensitive_attributes": []
        }
      ]
    },
    {
      "mode": "data",
      "type": "aws_route53_zone",
      "name": "example",
      "provider": "provider[\"registry.terraform.io/hashicorp/aws\"]",
      "instances": [
        {
          "schema_version": 0,
          "attributes": {
            "arn": "arn:aws:route53:::hostedzone/Z06778483S0HDL5K9CHI0",
            "caller_reference": "RISWorkflow-RD:5428e3b3-b8e3-4ea4-ba0f-932e4fc0768e",
            "comment": "HostedZone created by Route53 Registrar",
            "id": "Z06778483S0HDL5K9CHI0",
            "linked_service_description": null,
            "linked_service_principal": null,
            "name": "niyokee.com",
            "name_servers": [
              "ns-1869.awsdns-41.co.uk",
              "ns-1465.awsdns-55.org",
              "ns-28.awsdns-03.com",
              "ns-929.awsdns-52.net"
            ],
            "private_zone": false,
            "resource_record_set_count": 4,
            "tags": {},
            "vpc_id": null,
            "zone_id": "Z06778483S0HDL5K9CHI0"
          },
          "sensitive_attributes": []
        }
      ]
    },
    {
      "mode": "managed",
      "type": "aws_acm_certificate",
      "name": "example",
      "provider": "provider[\"registry.terraform.io/hashicorp/aws\"]",
      "instances": [
        {
          "schema_version": 0,
          "attributes": {
            "arn": "arn:aws:acm:ap-northeast-1:893095117949:certificate/c2809beb-c754-4f99-9911-f457281f90e8",
            "certificate_authority_arn": "",
            "certificate_body": null,
            "certificate_chain": null,
            "domain_name": "niyokee.com",
            "domain_validation_options": [
              {
                "domain_name": "niyokee.com",
                "resource_record_name": "_9b07e5623e12d65b5afbee5e2d62a7c1.niyokee.com.",
                "resource_record_type": "CNAME",
                "resource_record_value": "_4a6a21ae80c1a1bb1d6ecf633e44d9b4.xdvyhgsvzs.acm-validations.aws."
              }
            ],
            "id": "arn:aws:acm:ap-northeast-1:893095117949:certificate/c2809beb-c754-4f99-9911-f457281f90e8",
            "options": [
              {
                "certificate_transparency_logging_preference": "ENABLED"
              }
            ],
            "private_key": null,
            "status": "ISSUED",
            "subject_alternative_names": [],
            "tags": {},
            "tags_all": {},
            "validation_emails": [],
            "validation_method": "DNS"
          },
          "sensitive_attributes": [],
          "private": "bnVsbA==",
          "dependencies": [
            "aws_lb.example",
            "aws_route53_record.example",
            "aws_s3_bucket.alb_log",
            "aws_subnet.public_0",
            "aws_subnet.public_1",
            "aws_vpc.example",
            "data.aws_route53_zone.example",
            "module.http_redirect_sg.aws_security_group.default",
            "module.http_sg.aws_security_group.default",
            "module.https_sg.aws_security_group.default"
          ],
          "create_before_destroy": true
        }
      ]
    },
    {
      "mode": "managed",
      "type": "aws_acm_certificate_validation",
      "name": "example",
      "provider": "provider[\"registry.terraform.io/hashicorp/aws\"]",
      "instances": [
        {
          "schema_version": 0,
          "attributes": {
            "certificate_arn": "arn:aws:acm:ap-northeast-1:893095117949:certificate/c2809beb-c754-4f99-9911-f457281f90e8",
            "id": "2022-04-27 00:08:32.732 +0000 UTC",
            "timeouts": null,
            "validation_record_fqdns": [
              "_9b07e5623e12d65b5afbee5e2d62a7c1.niyokee.com"
            ]
          },
          "sensitive_attributes": [],
          "private": "eyJlMmJmYjczMC1lY2FhLTExZTYtOGY4OC0zNDM2M2JjN2M0YzAiOnsiY3JlYXRlIjoyNzAwMDAwMDAwMDAwfX0=",
          "dependencies": [
            "aws_acm_certificate.example",
            "aws_lb.example",
            "aws_route53_record.example",
            "aws_route53_record.example_certificate",
            "aws_s3_bucket.alb_log",
            "aws_subnet.public_0",
            "aws_subnet.public_1",
            "aws_vpc.example",
            "data.aws_route53_zone.example",
            "module.http_redirect_sg.aws_security_group.default",
            "module.http_sg.aws_security_group.default",
            "module.https_sg.aws_security_group.default"
          ]
        }
      ]
    },
    {
      "mode": "managed",
      "type": "aws_eip",
      "name": "nat_gateway_0",
      "provider": "provider[\"registry.terraform.io/hashicorp/aws\"]",
      "instances": [
        {
          "schema_version": 0,
          "attributes": {
            "address": null,
            "allocation_id": "eipalloc-08fabf64ba4ef1f54",
            "associate_with_private_ip": null,
            "association_id": "eipassoc-002f6d3d3d6e632e9",
            "carrier_ip": "",
            "customer_owned_ip": "",
            "customer_owned_ipv4_pool": "",
            "domain": "vpc",
            "id": "eipalloc-08fabf64ba4ef1f54",
            "instance": "",
            "network_border_group": "ap-northeast-1",
            "network_interface": "eni-0ad6a5b9ea02b0415",
            "private_dns": "ip-10-0-64-30.ap-northeast-1.compute.internal",
            "private_ip": "10.0.64.30",
            "public_dns": "ec2-18-176-112-225.ap-northeast-1.compute.amazonaws.com",
            "public_ip": "18.176.112.225",
            "public_ipv4_pool": "amazon",
            "tags": {},
            "tags_all": {},
            "timeouts": null,
            "vpc": true
          },
          "sensitive_attributes": [],
          "private": "eyJlMmJmYjczMC1lY2FhLTExZTYtOGY4OC0zNDM2M2JjN2M0YzAiOnsiZGVsZXRlIjoxODAwMDAwMDAwMDAsInJlYWQiOjkwMDAwMDAwMDAwMCwidXBkYXRlIjozMDAwMDAwMDAwMDB9fQ==",
          "dependencies": [
            "aws_internet_gateway.example",
            "aws_vpc.example"
          ]
        }
      ]
    },
    {
      "mode": "managed",
      "type": "aws_eip",
      "name": "nat_gateway_1",
      "provider": "provider[\"registry.terraform.io/hashicorp/aws\"]",
      "instances": [
        {
          "schema_version": 0,
          "attributes": {
            "address": null,
            "allocation_id": "eipalloc-0345d226f8536bb20",
            "associate_with_private_ip": null,
            "association_id": "eipassoc-04a5a5bba7a7f1639",
            "carrier_ip": "",
            "customer_owned_ip": "",
            "customer_owned_ipv4_pool": "",
            "domain": "vpc",
            "id": "eipalloc-0345d226f8536bb20",
            "instance": "",
            "network_border_group": "ap-northeast-1",
            "network_interface": "eni-019ca8858b144190b",
            "private_dns": "ip-10-0-65-11.ap-northeast-1.compute.internal",
            "private_ip": "10.0.65.11",
            "public_dns": "ec2-3-115-121-217.ap-northeast-1.compute.amazonaws.com",
            "public_ip": "3.115.121.217",
            "public_ipv4_pool": "amazon",
            "tags": {},
            "tags_all": {},
            "timeouts": null,
            "vpc": true
          },
          "sensitive_attributes": [],
          "private": "eyJlMmJmYjczMC1lY2FhLTExZTYtOGY4OC0zNDM2M2JjN2M0YzAiOnsiZGVsZXRlIjoxODAwMDAwMDAwMDAsInJlYWQiOjkwMDAwMDAwMDAwMCwidXBkYXRlIjozMDAwMDAwMDAwMDB9fQ==",
          "dependencies": [
            "aws_internet_gateway.example",
            "aws_vpc.example"
          ]
        }
      ]
    },
    {
      "mode": "managed",
      "type": "aws_internet_gateway",
      "name": "example",
      "provider": "provider[\"registry.terraform.io/hashicorp/aws\"]",
      "instances": [
        {
          "schema_version": 0,
          "attributes": {
            "arn": "arn:aws:ec2:ap-northeast-1:893095117949:internet-gateway/igw-0bdab15afb566890f",
            "id": "igw-0bdab15afb566890f",
            "owner_id": "893095117949",
            "tags": {},
            "tags_all": {},
            "vpc_id": "vpc-07f4ccfd91507f291"
          },
          "sensitive_attributes": [],
          "private": "bnVsbA==",
          "dependencies": [
            "aws_vpc.example"
          ]
        }
      ]
    },
    {
      "mode": "managed",
      "type": "aws_lb",
      "name": "example",
      "provider": "provider[\"registry.terraform.io/hashicorp/aws\"]",
      "instances": [
        {
          "schema_version": 0,
          "attributes": {
            "access_logs": [
              {
                "bucket": "alb-log-pragmatic-terraform-2022-04-26",
                "enabled": true,
                "prefix": ""
              }
            ],
            "arn": "arn:aws:elasticloadbalancing:ap-northeast-1:893095117949:loadbalancer/app/example/3be88a6680575798",
            "arn_suffix": "app/example/3be88a6680575798",
            "customer_owned_ipv4_pool": "",
            "desync_mitigation_mode": "defensive",
            "dns_name": "example-1534554009.ap-northeast-1.elb.amazonaws.com",
            "drop_invalid_header_fields": false,
            "enable_cross_zone_load_balancing": null,
            "enable_deletion_protection": true,
            "enable_http2": true,
            "enable_waf_fail_open": false,
            "id": "arn:aws:elasticloadbalancing:ap-northeast-1:893095117949:loadbalancer/app/example/3be88a6680575798",
            "idle_timeout": 60,
            "internal": false,
            "ip_address_type": "ipv4",
            "load_balancer_type": "application",
            "name": "example",
            "name_prefix": null,
            "security_groups": [
              "sg-0a6cdad2e690b474b",
              "sg-0ea8c2709b2a64a67",
              "sg-0fc804f0b432859e3"
            ],
            "subnet_mapping": [
              {
                "allocation_id": "",
                "ipv6_address": "",
                "outpost_id": "",
                "private_ipv4_address": "",
                "subnet_id": "subnet-02b3f0112241a267d"
              },
              {
                "allocation_id": "",
                "ipv6_address": "",
                "outpost_id": "",
                "private_ipv4_address": "",
                "subnet_id": "subnet-02daf1733da5868e4"
              }
            ],
            "subnets": [
              "subnet-02b3f0112241a267d",
              "subnet-02daf1733da5868e4"
            ],
            "tags": {},
            "tags_all": {},
            "timeouts": null,
            "vpc_id": "vpc-07f4ccfd91507f291",
            "zone_id": "Z14GRHDCWA56QT"
          },
          "sensitive_attributes": [],
          "private": "eyJlMmJmYjczMC1lY2FhLTExZTYtOGY4OC0zNDM2M2JjN2M0YzAiOnsiY3JlYXRlIjo2MDAwMDAwMDAwMDAsImRlbGV0ZSI6NjAwMDAwMDAwMDAwLCJ1cGRhdGUiOjYwMDAwMDAwMDAwMH19",
          "dependencies": [
            "aws_s3_bucket.alb_log",
            "aws_subnet.public_0",
            "aws_subnet.public_1",
            "aws_vpc.example",
            "module.http_redirect_sg.aws_security_group.default",
            "module.http_sg.aws_security_group.default",
            "module.https_sg.aws_security_group.default"
          ],
          "create_before_destroy": true
        }
      ]
    },
    {
      "mode": "managed",
      "type": "aws_lb_listener",
      "name": "http",
      "provider": "provider[\"registry.terraform.io/hashicorp/aws\"]",
      "instances": [
        {
          "schema_version": 0,
          "attributes": {
            "alpn_policy": null,
            "arn": "arn:aws:elasticloadbalancing:ap-northeast-1:893095117949:listener/app/example/3be88a6680575798/8f80f716e2581457",
            "certificate_arn": null,
            "default_action": [
              {
                "authenticate_cognito": [],
                "authenticate_oidc": [],
                "fixed_response": [
                  {
                    "content_type": "text/plain",
                    "message_body": "this is http",
                    "status_code": "200"
                  }
                ],
                "forward": [],
                "order": 1,
                "redirect": [],
                "target_group_arn": "",
                "type": "fixed-response"
              }
            ],
            "id": "arn:aws:elasticloadbalancing:ap-northeast-1:893095117949:listener/app/example/3be88a6680575798/8f80f716e2581457",
            "load_balancer_arn": "arn:aws:elasticloadbalancing:ap-northeast-1:893095117949:loadbalancer/app/example/3be88a6680575798",
            "port": 80,
            "protocol": "HTTP",
            "ssl_policy": "",
            "tags": {},
            "tags_all": {},
            "timeouts": null
          },
          "sensitive_attributes": [],
          "private": "eyJlMmJmYjczMC1lY2FhLTExZTYtOGY4OC0zNDM2M2JjN2M0YzAiOnsicmVhZCI6NjAwMDAwMDAwMDAwfX0=",
          "dependencies": [
            "aws_lb.example",
            "aws_s3_bucket.alb_log",
            "aws_subnet.public_0",
            "aws_subnet.public_1",
            "aws_vpc.example",
            "module.http_redirect_sg.aws_security_group.default",
            "module.http_sg.aws_security_group.default",
            "module.https_sg.aws_security_group.default"
          ]
        }
      ]
    },
    {
      "mode": "managed",
      "type": "aws_lb_listener",
      "name": "https",
      "provider": "provider[\"registry.terraform.io/hashicorp/aws\"]",
      "instances": [
        {
          "schema_version": 0,
          "attributes": {
            "alpn_policy": null,
            "arn": "arn:aws:elasticloadbalancing:ap-northeast-1:893095117949:listener/app/example/3be88a6680575798/a35723ffdcfb9314",
            "certificate_arn": "arn:aws:acm:ap-northeast-1:893095117949:certificate/c2809beb-c754-4f99-9911-f457281f90e8",
            "default_action": [
              {
                "authenticate_cognito": [],
                "authenticate_oidc": [],
                "fixed_response": [
                  {
                    "content_type": "text/plain",
                    "message_body": "this is https",
                    "status_code": "200"
                  }
                ],
                "forward": [],
                "order": 1,
                "redirect": [],
                "target_group_arn": "",
                "type": "fixed-response"
              }
            ],
            "id": "arn:aws:elasticloadbalancing:ap-northeast-1:893095117949:listener/app/example/3be88a6680575798/a35723ffdcfb9314",
            "load_balancer_arn": "arn:aws:elasticloadbalancing:ap-northeast-1:893095117949:loadbalancer/app/example/3be88a6680575798",
            "port": 443,
            "protocol": "HTTPS",
            "ssl_policy": "ELBSecurityPolicy-2016-08",
            "tags": {},
            "tags_all": {},
            "timeouts": null
          },
          "sensitive_attributes": [],
          "private": "eyJlMmJmYjczMC1lY2FhLTExZTYtOGY4OC0zNDM2M2JjN2M0YzAiOnsicmVhZCI6NjAwMDAwMDAwMDAwfX0=",
          "dependencies": [
            "aws_acm_certificate.example",
            "aws_acm_certificate_validation.example",
            "aws_lb.example",
            "aws_route53_record.example",
            "aws_route53_record.example_certificate",
            "aws_s3_bucket.alb_log",
            "aws_subnet.public_0",
            "aws_subnet.public_1",
            "aws_vpc.example",
            "data.aws_route53_zone.example",
            "module.http_redirect_sg.aws_security_group.default",
            "module.http_sg.aws_security_group.default",
            "module.https_sg.aws_security_group.default"
          ]
        }
      ]
    },
    {
      "mode": "managed",
      "type": "aws_lb_listener",
      "name": "redirect_http_to_https",
      "provider": "provider[\"registry.terraform.io/hashicorp/aws\"]",
      "instances": [
        {
          "schema_version": 0,
          "attributes": {
            "alpn_policy": null,
            "arn": "arn:aws:elasticloadbalancing:ap-northeast-1:893095117949:listener/app/example/3be88a6680575798/6ae3d92f46714d27",
            "certificate_arn": null,
            "default_action": [
              {
                "authenticate_cognito": [],
                "authenticate_oidc": [],
                "fixed_response": [],
                "forward": [],
                "order": 1,
                "redirect": [
                  {
                    "host": "#{host}",
                    "path": "/#{path}",
                    "port": "#{port}",
                    "protocol": "HTTPS",
                    "query": "#{query}",
                    "status_code": "HTTP_301"
                  }
                ],
                "target_group_arn": "",
                "type": "redirect"
              }
            ],
            "id": "arn:aws:elasticloadbalancing:ap-northeast-1:893095117949:listener/app/example/3be88a6680575798/6ae3d92f46714d27",
            "load_balancer_arn": "arn:aws:elasticloadbalancing:ap-northeast-1:893095117949:loadbalancer/app/example/3be88a6680575798",
            "port": 8080,
            "protocol": "HTTP",
            "ssl_policy": "",
            "tags": null,
            "tags_all": {},
            "timeouts": null
          },
          "sensitive_attributes": [],
          "private": "eyJlMmJmYjczMC1lY2FhLTExZTYtOGY4OC0zNDM2M2JjN2M0YzAiOnsicmVhZCI6NjAwMDAwMDAwMDAwfX0=",
          "dependencies": [
            "aws_lb.example"
          ]
        }
      ]
    },
    {
      "mode": "managed",
      "type": "aws_nat_gateway",
      "name": "nat_gateway_0",
      "provider": "provider[\"registry.terraform.io/hashicorp/aws\"]",
      "instances": [
        {
          "schema_version": 0,
          "attributes": {
            "allocation_id": "eipalloc-08fabf64ba4ef1f54",
            "connectivity_type": "public",
            "id": "nat-0e6ad9b643cc2cb62",
            "network_interface_id": "eni-0ad6a5b9ea02b0415",
            "private_ip": "10.0.64.30",
            "public_ip": "18.176.112.225",
            "subnet_id": "subnet-0d46c8200cad5c5be",
            "tags": {},
            "tags_all": {}
          },
          "sensitive_attributes": [],
          "private": "bnVsbA==",
          "dependencies": [
            "aws_eip.nat_gateway_0",
            "aws_internet_gateway.example",
            "aws_subnet.private_0",
            "aws_vpc.example"
          ]
        }
      ]
    },
    {
      "mode": "managed",
      "type": "aws_nat_gateway",
      "name": "nat_gateway_1",
      "provider": "provider[\"registry.terraform.io/hashicorp/aws\"]",
      "instances": [
        {
          "schema_version": 0,
          "attributes": {
            "allocation_id": "eipalloc-0345d226f8536bb20",
            "connectivity_type": "public",
            "id": "nat-0912d3ebed5882a00",
            "network_interface_id": "eni-019ca8858b144190b",
            "private_ip": "10.0.65.11",
            "public_ip": "3.115.121.217",
            "subnet_id": "subnet-0949e8bab15a55ee8",
            "tags": {},
            "tags_all": {}
          },
          "sensitive_attributes": [],
          "private": "bnVsbA==",
          "dependencies": [
            "aws_eip.nat_gateway_1",
            "aws_internet_gateway.example",
            "aws_subnet.private_1",
            "aws_vpc.example"
          ]
        }
      ]
    },
    {
      "mode": "managed",
      "type": "aws_route",
      "name": "example",
      "provider": "provider[\"registry.terraform.io/hashicorp/aws\"]",
      "instances": [
        {
          "schema_version": 0,
          "attributes": {
            "carrier_gateway_id": "",
            "core_network_arn": "",
            "destination_cidr_block": "0.0.0.0/0",
            "destination_ipv6_cidr_block": "",
            "destination_prefix_list_id": "",
            "egress_only_gateway_id": "",
            "gateway_id": "igw-0bdab15afb566890f",
            "id": "r-rtb-08cc39768bee1be631080289494",
            "instance_id": "",
            "instance_owner_id": "",
            "local_gateway_id": "",
            "nat_gateway_id": "",
            "network_interface_id": "",
            "origin": "CreateRoute",
            "route_table_id": "rtb-08cc39768bee1be63",
            "state": "active",
            "timeouts": null,
            "transit_gateway_id": "",
            "vpc_endpoint_id": "",
            "vpc_peering_connection_id": ""
          },
          "sensitive_attributes": [],
          "private": "eyJlMmJmYjczMC1lY2FhLTExZTYtOGY4OC0zNDM2M2JjN2M0YzAiOnsiY3JlYXRlIjozMDAwMDAwMDAwMDAsImRlbGV0ZSI6MzAwMDAwMDAwMDAwLCJ1cGRhdGUiOjEyMDAwMDAwMDAwMH19",
          "dependencies": [
            "aws_internet_gateway.example",
            "aws_route_table.public",
            "aws_vpc.example"
          ]
        }
      ]
    },
    {
      "mode": "managed",
      "type": "aws_route",
      "name": "private_0",
      "provider": "provider[\"registry.terraform.io/hashicorp/aws\"]",
      "instances": [
        {
          "schema_version": 0,
          "attributes": {
            "carrier_gateway_id": "",
            "core_network_arn": "",
            "destination_cidr_block": "0.0.0.0/0",
            "destination_ipv6_cidr_block": "",
            "destination_prefix_list_id": "",
            "egress_only_gateway_id": "",
            "gateway_id": "",
            "id": "r-rtb-0bd14c5bebb0242261080289494",
            "instance_id": "",
            "instance_owner_id": "",
            "local_gateway_id": "",
            "nat_gateway_id": "nat-0e6ad9b643cc2cb62",
            "network_interface_id": "",
            "origin": "CreateRoute",
            "route_table_id": "rtb-0bd14c5bebb024226",
            "state": "active",
            "timeouts": null,
            "transit_gateway_id": "",
            "vpc_endpoint_id": "",
            "vpc_peering_connection_id": ""
          },
          "sensitive_attributes": [],
          "private": "eyJlMmJmYjczMC1lY2FhLTExZTYtOGY4OC0zNDM2M2JjN2M0YzAiOnsiY3JlYXRlIjozMDAwMDAwMDAwMDAsImRlbGV0ZSI6MzAwMDAwMDAwMDAwLCJ1cGRhdGUiOjEyMDAwMDAwMDAwMH19",
          "dependencies": [
            "aws_eip.nat_gateway_0",
            "aws_internet_gateway.example",
            "aws_nat_gateway.nat_gateway_0",
            "aws_route_table.private_0",
            "aws_subnet.private_0",
            "aws_vpc.example"
          ]
        }
      ]
    },
    {
      "mode": "managed",
      "type": "aws_route",
      "name": "private_1",
      "provider": "provider[\"registry.terraform.io/hashicorp/aws\"]",
      "instances": [
        {
          "schema_version": 0,
          "attributes": {
            "carrier_gateway_id": "",
            "core_network_arn": "",
            "destination_cidr_block": "0.0.0.0/0",
            "destination_ipv6_cidr_block": "",
            "destination_prefix_list_id": "",
            "egress_only_gateway_id": "",
            "gateway_id": "",
            "id": "r-rtb-0f47612bd971a08d01080289494",
            "instance_id": "",
            "instance_owner_id": "",
            "local_gateway_id": "",
            "nat_gateway_id": "nat-0912d3ebed5882a00",
            "network_interface_id": "",
            "origin": "CreateRoute",
            "route_table_id": "rtb-0f47612bd971a08d0",
            "state": "active",
            "timeouts": null,
            "transit_gateway_id": "",
            "vpc_endpoint_id": "",
            "vpc_peering_connection_id": ""
          },
          "sensitive_attributes": [],
          "private": "eyJlMmJmYjczMC1lY2FhLTExZTYtOGY4OC0zNDM2M2JjN2M0YzAiOnsiY3JlYXRlIjozMDAwMDAwMDAwMDAsImRlbGV0ZSI6MzAwMDAwMDAwMDAwLCJ1cGRhdGUiOjEyMDAwMDAwMDAwMH19",
          "dependencies": [
            "aws_eip.nat_gateway_1",
            "aws_internet_gateway.example",
            "aws_nat_gateway.nat_gateway_1",
            "aws_route_table.private_1",
            "aws_subnet.private_1",
            "aws_vpc.example"
          ]
        }
      ]
    },
    {
      "mode": "managed",
      "type": "aws_route53_record",
      "name": "example",
      "provider": "provider[\"registry.terraform.io/hashicorp/aws\"]",
      "instances": [
        {
          "schema_version": 2,
          "attributes": {
            "alias": [
              {
                "evaluate_target_health": true,
                "name": "example-1534554009.ap-northeast-1.elb.amazonaws.com",
                "zone_id": "Z14GRHDCWA56QT"
              }
            ],
            "allow_overwrite": null,
            "failover_routing_policy": [],
            "fqdn": "niyokee.com",
            "geolocation_routing_policy": [],
            "health_check_id": "",
            "id": "Z06778483S0HDL5K9CHI0_niyokee.com_A",
            "latency_routing_policy": [],
            "multivalue_answer_routing_policy": null,
            "name": "niyokee.com",
            "records": [],
            "set_identifier": "",
            "ttl": 0,
            "type": "A",
            "weighted_routing_policy": [],
            "zone_id": "Z06778483S0HDL5K9CHI0"
          },
          "sensitive_attributes": [],
          "private": "eyJzY2hlbWFfdmVyc2lvbiI6IjIifQ==",
          "dependencies": [
            "aws_lb.example",
            "aws_s3_bucket.alb_log",
            "aws_subnet.public_0",
            "aws_subnet.public_1",
            "aws_vpc.example",
            "data.aws_route53_zone.example",
            "module.http_redirect_sg.aws_security_group.default",
            "module.http_sg.aws_security_group.default",
            "module.https_sg.aws_security_group.default"
          ],
          "create_before_destroy": true
        }
      ]
    },
    {
      "mode": "managed",
      "type": "aws_route53_record",
      "name": "example_certificate",
      "provider": "provider[\"registry.terraform.io/hashicorp/aws\"]",
      "instances": [
        {
          "index_key": "niyokee.com",
          "schema_version": 2,
          "attributes": {
            "alias": [],
            "allow_overwrite": null,
            "failover_routing_policy": [],
            "fqdn": "_9b07e5623e12d65b5afbee5e2d62a7c1.niyokee.com",
            "geolocation_routing_policy": [],
            "health_check_id": "",
            "id": "Z06778483S0HDL5K9CHI0__9b07e5623e12d65b5afbee5e2d62a7c1.niyokee.com._CNAME",
            "latency_routing_policy": [],
            "multivalue_answer_routing_policy": null,
            "name": "_9b07e5623e12d65b5afbee5e2d62a7c1.niyokee.com",
            "records": [
              "_4a6a21ae80c1a1bb1d6ecf633e44d9b4.xdvyhgsvzs.acm-validations.aws."
            ],
            "set_identifier": "",
            "ttl": 60,
            "type": "CNAME",
            "weighted_routing_policy": [],
            "zone_id": "Z06778483S0HDL5K9CHI0"
          },
          "sensitive_attributes": [],
          "private": "eyJzY2hlbWFfdmVyc2lvbiI6IjIifQ==",
          "dependencies": [
            "aws_acm_certificate.example",
            "aws_lb.example",
            "aws_route53_record.example",
            "aws_s3_bucket.alb_log",
            "aws_subnet.public_0",
            "aws_subnet.public_1",
            "aws_vpc.example",
            "data.aws_route53_zone.example",
            "module.http_redirect_sg.aws_security_group.default",
            "module.http_sg.aws_security_group.default",
            "module.https_sg.aws_security_group.default"
          ]
        }
      ]
    },
    {
      "mode": "managed",
      "type": "aws_route_table",
      "name": "private_0",
      "provider": "provider[\"registry.terraform.io/hashicorp/aws\"]",
      "instances": [
        {
          "schema_version": 0,
          "attributes": {
            "arn": "arn:aws:ec2:ap-northeast-1:893095117949:route-table/rtb-0bd14c5bebb024226",
            "id": "rtb-0bd14c5bebb024226",
            "owner_id": "893095117949",
            "propagating_vgws": [],
            "route": [
              {
                "carrier_gateway_id": "",
                "cidr_block": "0.0.0.0/0",
                "core_network_arn": "",
                "destination_prefix_list_id": "",
                "egress_only_gateway_id": "",
                "gateway_id": "",
                "instance_id": "",
                "ipv6_cidr_block": "",
                "local_gateway_id": "",
                "nat_gateway_id": "nat-0e6ad9b643cc2cb62",
                "network_interface_id": "",
                "transit_gateway_id": "",
                "vpc_endpoint_id": "",
                "vpc_peering_connection_id": ""
              }
            ],
            "tags": {},
            "tags_all": {},
            "timeouts": null,
            "vpc_id": "vpc-07f4ccfd91507f291"
          },
          "sensitive_attributes": [],
          "private": "eyJlMmJmYjczMC1lY2FhLTExZTYtOGY4OC0zNDM2M2JjN2M0YzAiOnsiY3JlYXRlIjozMDAwMDAwMDAwMDAsImRlbGV0ZSI6MzAwMDAwMDAwMDAwLCJ1cGRhdGUiOjEyMDAwMDAwMDAwMH19",
          "dependencies": [
            "aws_vpc.example"
          ]
        }
      ]
    },
    {
      "mode": "managed",
      "type": "aws_route_table",
      "name": "private_1",
      "provider": "provider[\"registry.terraform.io/hashicorp/aws\"]",
      "instances": [
        {
          "schema_version": 0,
          "attributes": {
            "arn": "arn:aws:ec2:ap-northeast-1:893095117949:route-table/rtb-0f47612bd971a08d0",
            "id": "rtb-0f47612bd971a08d0",
            "owner_id": "893095117949",
            "propagating_vgws": [],
            "route": [
              {
                "carrier_gateway_id": "",
                "cidr_block": "0.0.0.0/0",
                "core_network_arn": "",
                "destination_prefix_list_id": "",
                "egress_only_gateway_id": "",
                "gateway_id": "",
                "instance_id": "",
                "ipv6_cidr_block": "",
                "local_gateway_id": "",
                "nat_gateway_id": "nat-0912d3ebed5882a00",
                "network_interface_id": "",
                "transit_gateway_id": "",
                "vpc_endpoint_id": "",
                "vpc_peering_connection_id": ""
              }
            ],
            "tags": {},
            "tags_all": {},
            "timeouts": null,
            "vpc_id": "vpc-07f4ccfd91507f291"
          },
          "sensitive_attributes": [],
          "private": "eyJlMmJmYjczMC1lY2FhLTExZTYtOGY4OC0zNDM2M2JjN2M0YzAiOnsiY3JlYXRlIjozMDAwMDAwMDAwMDAsImRlbGV0ZSI6MzAwMDAwMDAwMDAwLCJ1cGRhdGUiOjEyMDAwMDAwMDAwMH19",
          "dependencies": [
            "aws_vpc.example"
          ]
        }
      ]
    },
    {
      "mode": "managed",
      "type": "aws_route_table",
      "name": "public",
      "provider": "provider[\"registry.terraform.io/hashicorp/aws\"]",
      "instances": [
        {
          "schema_version": 0,
          "attributes": {
            "arn": "arn:aws:ec2:ap-northeast-1:893095117949:route-table/rtb-08cc39768bee1be63",
            "id": "rtb-08cc39768bee1be63",
            "owner_id": "893095117949",
            "propagating_vgws": [],
            "route": [
              {
                "carrier_gateway_id": "",
                "cidr_block": "0.0.0.0/0",
                "core_network_arn": "",
                "destination_prefix_list_id": "",
                "egress_only_gateway_id": "",
                "gateway_id": "igw-0bdab15afb566890f",
                "instance_id": "",
                "ipv6_cidr_block": "",
                "local_gateway_id": "",
                "nat_gateway_id": "",
                "network_interface_id": "",
                "transit_gateway_id": "",
                "vpc_endpoint_id": "",
                "vpc_peering_connection_id": ""
              }
            ],
            "tags": {},
            "tags_all": {},
            "timeouts": null,
            "vpc_id": "vpc-07f4ccfd91507f291"
          },
          "sensitive_attributes": [],
          "private": "eyJlMmJmYjczMC1lY2FhLTExZTYtOGY4OC0zNDM2M2JjN2M0YzAiOnsiY3JlYXRlIjozMDAwMDAwMDAwMDAsImRlbGV0ZSI6MzAwMDAwMDAwMDAwLCJ1cGRhdGUiOjEyMDAwMDAwMDAwMH19",
          "dependencies": [
            "aws_vpc.example"
          ]
        }
      ]
    },
    {
      "mode": "managed",
      "type": "aws_route_table_association",
      "name": "private_0",
      "provider": "provider[\"registry.terraform.io/hashicorp/aws\"]",
      "instances": [
        {
          "schema_version": 0,
          "attributes": {
            "gateway_id": "",
            "id": "rtbassoc-0ac073dcc1e9f5fe3",
            "route_table_id": "rtb-0bd14c5bebb024226",
            "subnet_id": "subnet-0d46c8200cad5c5be"
          },
          "sensitive_attributes": [],
          "private": "bnVsbA==",
          "dependencies": [
            "aws_route_table.private_0",
            "aws_subnet.private_0",
            "aws_vpc.example"
          ]
        }
      ]
    },
    {
      "mode": "managed",
      "type": "aws_route_table_association",
      "name": "private_1",
      "provider": "provider[\"registry.terraform.io/hashicorp/aws\"]",
      "instances": [
        {
          "schema_version": 0,
          "attributes": {
            "gateway_id": "",
            "id": "rtbassoc-0b84605bd2761ff29",
            "route_table_id": "rtb-0f47612bd971a08d0",
            "subnet_id": "subnet-0949e8bab15a55ee8"
          },
          "sensitive_attributes": [],
          "private": "bnVsbA==",
          "dependencies": [
            "aws_route_table.private_1",
            "aws_subnet.private_1",
            "aws_vpc.example"
          ]
        }
      ]
    },
    {
      "mode": "managed",
      "type": "aws_route_table_association",
      "name": "public_0",
      "provider": "provider[\"registry.terraform.io/hashicorp/aws\"]",
      "instances": [
        {
          "schema_version": 0,
          "attributes": {
            "gateway_id": "",
            "id": "rtbassoc-095e900d80270e650",
            "route_table_id": "rtb-08cc39768bee1be63",
            "subnet_id": "subnet-02daf1733da5868e4"
          },
          "sensitive_attributes": [],
          "private": "bnVsbA==",
          "dependencies": [
            "aws_route_table.public",
            "aws_subnet.public_0",
            "aws_vpc.example"
          ]
        }
      ]
    },
    {
      "mode": "managed",
      "type": "aws_route_table_association",
      "name": "public_1",
      "provider": "provider[\"registry.terraform.io/hashicorp/aws\"]",
      "instances": [
        {
          "schema_version": 0,
          "attributes": {
            "gateway_id": "",
            "id": "rtbassoc-0d4ea3bad83af1182",
            "route_table_id": "rtb-08cc39768bee1be63",
            "subnet_id": "subnet-02b3f0112241a267d"
          },
          "sensitive_attributes": [],
          "private": "bnVsbA==",
          "dependencies": [
            "aws_route_table.public",
            "aws_subnet.public_1",
            "aws_vpc.example"
          ]
        }
      ]
    },
    {
      "mode": "managed",
      "type": "aws_s3_bucket",
      "name": "alb_log",
      "provider": "provider[\"registry.terraform.io/hashicorp/aws\"]",
      "instances": [
        {
          "schema_version": 0,
          "attributes": {
            "acceleration_status": "",
            "acl": null,
            "arn": "arn:aws:s3:::alb-log-pragmatic-terraform-2022-04-26",
            "bucket": "alb-log-pragmatic-terraform-2022-04-26",
            "bucket_domain_name": "alb-log-pragmatic-terraform-2022-04-26.s3.amazonaws.com",
            "bucket_prefix": null,
            "bucket_regional_domain_name": "alb-log-pragmatic-terraform-2022-04-26.s3.ap-northeast-1.amazonaws.com",
            "cors_rule": [],
            "force_destroy": false,
            "grant": [
              {
                "id": "075cadfd333018722b51acbaa502100f495b895a26230268aa18f38771f648fa",
                "permissions": [
                  "FULL_CONTROL"
                ],
                "type": "CanonicalUser",
                "uri": ""
              }
            ],
            "hosted_zone_id": "Z2M4EHUR26P7ZW",
            "id": "alb-log-pragmatic-terraform-2022-04-26",
            "lifecycle_rule": [
              {
                "abort_incomplete_multipart_upload_days": 0,
                "enabled": true,
                "expiration": [
                  {
                    "date": "",
                    "days": 180,
                    "expired_object_delete_marker": false
                  }
                ],
                "id": "tf-s3-lifecycle-20220426214617143500000001",
                "noncurrent_version_expiration": [],
                "noncurrent_version_transition": [],
                "prefix": "",
                "tags": {},
                "transition": []
              }
            ],
            "logging": [],
            "object_lock_configuration": [],
            "object_lock_enabled": false,
            "policy": "{\"Version\":\"2012-10-17\",\"Statement\":[{\"Sid\":\"\",\"Effect\":\"Allow\",\"Principal\":{\"AWS\":\"arn:aws:iam::582318560864:root\"},\"Action\":\"s3:PutObject\",\"Resource\":\"arn:aws:s3:::alb-log-pragmatic-terraform-2022-04-26/*\"}]}",
            "region": "ap-northeast-1",
            "replication_configuration": [],
            "request_payer": "BucketOwner",
            "server_side_encryption_configuration": [],
            "tags": {},
            "tags_all": {},
            "versioning": [
              {
                "enabled": false,
                "mfa_delete": false
              }
            ],
            "website": [],
            "website_domain": null,
            "website_endpoint": null
          },
          "sensitive_attributes": [],
          "private": "bnVsbA==",
          "create_before_destroy": true
        }
      ]
    },
    {
      "mode": "managed",
      "type": "aws_s3_bucket",
      "name": "private",
      "provider": "provider[\"registry.terraform.io/hashicorp/aws\"]",
      "instances": [
        {
          "schema_version": 0,
          "attributes": {
            "acceleration_status": "",
            "acl": null,
            "arn": "arn:aws:s3:::private-pragmatic-terraform-2022-04-26",
            "bucket": "private-pragmatic-terraform-2022-04-26",
            "bucket_domain_name": "private-pragmatic-terraform-2022-04-26.s3.amazonaws.com",
            "bucket_prefix": null,
            "bucket_regional_domain_name": "private-pragmatic-terraform-2022-04-26.s3.ap-northeast-1.amazonaws.com",
            "cors_rule": [],
            "force_destroy": false,
            "grant": [
              {
                "id": "075cadfd333018722b51acbaa502100f495b895a26230268aa18f38771f648fa",
                "permissions": [
                  "FULL_CONTROL"
                ],
                "type": "CanonicalUser",
                "uri": ""
              }
            ],
            "hosted_zone_id": "Z2M4EHUR26P7ZW",
            "id": "private-pragmatic-terraform-2022-04-26",
            "lifecycle_rule": [],
            "logging": [],
            "object_lock_configuration": [],
            "object_lock_enabled": false,
            "policy": "",
            "region": "ap-northeast-1",
            "replication_configuration": [],
            "request_payer": "BucketOwner",
            "server_side_encryption_configuration": [
              {
                "rule": [
                  {
                    "apply_server_side_encryption_by_default": [
                      {
                        "kms_master_key_id": "",
                        "sse_algorithm": "AES256"
                      }
                    ],
                    "bucket_key_enabled": false
                  }
                ]
              }
            ],
            "tags": {},
            "tags_all": {},
            "versioning": [
              {
                "enabled": true,
                "mfa_delete": false
              }
            ],
            "website": [],
            "website_domain": null,
            "website_endpoint": null
          },
          "sensitive_attributes": [],
          "private": "bnVsbA=="
        }
      ]
    },
    {
      "mode": "managed",
      "type": "aws_s3_bucket",
      "name": "public",
      "provider": "provider[\"registry.terraform.io/hashicorp/aws\"]",
      "instances": [
        {
          "schema_version": 0,
          "attributes": {
            "acceleration_status": "",
            "acl": "public-read",
            "arn": "arn:aws:s3:::public-pragmatic-terraform-2022-04-26",
            "bucket": "public-pragmatic-terraform-2022-04-26",
            "bucket_domain_name": "public-pragmatic-terraform-2022-04-26.s3.amazonaws.com",
            "bucket_prefix": null,
            "bucket_regional_domain_name": "public-pragmatic-terraform-2022-04-26.s3.ap-northeast-1.amazonaws.com",
            "cors_rule": [
              {
                "allowed_headers": [
                  "*"
                ],
                "allowed_methods": [
                  "GET"
                ],
                "allowed_origins": [
                  "https://example.com"
                ],
                "expose_headers": [],
                "max_age_seconds": 3000
              }
            ],
            "force_destroy": false,
            "grant": [
              {
                "id": "",
                "permissions": [
                  "READ"
                ],
                "type": "Group",
                "uri": "http://acs.amazonaws.com/groups/global/AllUsers"
              },
              {
                "id": "075cadfd333018722b51acbaa502100f495b895a26230268aa18f38771f648fa",
                "permissions": [
                  "FULL_CONTROL"
                ],
                "type": "CanonicalUser",
                "uri": ""
              }
            ],
            "hosted_zone_id": "Z2M4EHUR26P7ZW",
            "id": "public-pragmatic-terraform-2022-04-26",
            "lifecycle_rule": [],
            "logging": [],
            "object_lock_configuration": [],
            "object_lock_enabled": false,
            "policy": "",
            "region": "ap-northeast-1",
            "replication_configuration": [],
            "request_payer": "BucketOwner",
            "server_side_encryption_configuration": [],
            "tags": {},
            "tags_all": {},
            "versioning": [
              {
                "enabled": false,
                "mfa_delete": false
              }
            ],
            "website": [],
            "website_domain": null,
            "website_endpoint": null
          },
          "sensitive_attributes": [],
          "private": "bnVsbA=="
        }
      ]
    },
    {
      "mode": "managed",
      "type": "aws_s3_bucket_cors_configuration",
      "name": "public",
      "provider": "provider[\"registry.terraform.io/hashicorp/aws\"]",
      "instances": [
        {
          "schema_version": 0,
          "attributes": {
            "bucket": "public-pragmatic-terraform-2022-04-26",
            "cors_rule": [
              {
                "allowed_headers": [
                  "*"
                ],
                "allowed_methods": [
                  "GET"
                ],
                "allowed_origins": [
                  "https://example.com"
                ],
                "expose_headers": [],
                "id": "",
                "max_age_seconds": 3000
              }
            ],
            "expected_bucket_owner": "",
            "id": "public-pragmatic-terraform-2022-04-26"
          },
          "sensitive_attributes": [],
          "private": "bnVsbA==",
          "dependencies": [
            "aws_s3_bucket.public"
          ]
        }
      ]
    },
    {
      "mode": "managed",
      "type": "aws_s3_bucket_policy",
      "name": "alb_log",
      "provider": "provider[\"registry.terraform.io/hashicorp/aws\"]",
      "instances": [
        {
          "schema_version": 0,
          "attributes": {
            "bucket": "alb-log-pragmatic-terraform-2022-04-26",
            "id": "alb-log-pragmatic-terraform-2022-04-26",
            "policy": "{\"Statement\":[{\"Action\":\"s3:PutObject\",\"Effect\":\"Allow\",\"Principal\":{\"AWS\":\"582318560864\"},\"Resource\":\"arn:aws:s3:::alb-log-pragmatic-terraform-2022-04-26/*\",\"Sid\":\"\"}],\"Version\":\"2012-10-17\"}"
          },
          "sensitive_attributes": [],
          "private": "bnVsbA==",
          "dependencies": [
            "aws_s3_bucket.alb_log",
            "data.aws_iam_policy_document.alb_log"
          ]
        }
      ]
    },
    {
      "mode": "managed",
      "type": "aws_s3_bucket_public_access_block",
      "name": "private",
      "provider": "provider[\"registry.terraform.io/hashicorp/aws\"]",
      "instances": [
        {
          "schema_version": 0,
          "attributes": {
            "block_public_acls": true,
            "block_public_policy": true,
            "bucket": "private-pragmatic-terraform-2022-04-26",
            "id": "private-pragmatic-terraform-2022-04-26",
            "ignore_public_acls": true,
            "restrict_public_buckets": true
          },
          "sensitive_attributes": [],
          "private": "bnVsbA==",
          "dependencies": [
            "aws_s3_bucket.private"
          ]
        }
      ]
    },
    {
      "mode": "managed",
      "type": "aws_s3_bucket_server_side_encryption_configuration",
      "name": "private",
      "provider": "provider[\"registry.terraform.io/hashicorp/aws\"]",
      "instances": [
        {
          "schema_version": 0,
          "attributes": {
            "bucket": "private-pragmatic-terraform-2022-04-26",
            "expected_bucket_owner": "",
            "id": "private-pragmatic-terraform-2022-04-26",
            "rule": [
              {
                "apply_server_side_encryption_by_default": [
                  {
                    "kms_master_key_id": "",
                    "sse_algorithm": "AES256"
                  }
                ],
                "bucket_key_enabled": false
              }
            ]
          },
          "sensitive_attributes": [],
          "private": "bnVsbA==",
          "dependencies": [
            "aws_s3_bucket.private"
          ]
        }
      ]
    },
    {
      "mode": "managed",
      "type": "aws_s3_bucket_versioning",
      "name": "private",
      "provider": "provider[\"registry.terraform.io/hashicorp/aws\"]",
      "instances": [
        {
          "schema_version": 0,
          "attributes": {
            "bucket": "private-pragmatic-terraform-2022-04-26",
            "expected_bucket_owner": "",
            "id": "private-pragmatic-terraform-2022-04-26",
            "mfa": null,
            "versioning_configuration": [
              {
                "mfa_delete": "",
                "status": "Enabled"
              }
            ]
          },
          "sensitive_attributes": [],
          "private": "bnVsbA==",
          "dependencies": [
            "aws_s3_bucket.private"
          ]
        }
      ]
    },
    {
      "mode": "managed",
      "type": "aws_subnet",
      "name": "private_0",
      "provider": "provider[\"registry.terraform.io/hashicorp/aws\"]",
      "instances": [
        {
          "schema_version": 1,
          "attributes": {
            "arn": "arn:aws:ec2:ap-northeast-1:893095117949:subnet/subnet-0d46c8200cad5c5be",
            "assign_ipv6_address_on_creation": false,
            "availability_zone": "ap-northeast-1a",
            "availability_zone_id": "apne1-az4",
            "cidr_block": "10.0.64.0/24",
            "customer_owned_ipv4_pool": "",
            "enable_dns64": false,
            "enable_resource_name_dns_a_record_on_launch": false,
            "enable_resource_name_dns_aaaa_record_on_launch": false,
            "id": "subnet-0d46c8200cad5c5be",
            "ipv6_cidr_block": "",
            "ipv6_cidr_block_association_id": "",
            "ipv6_native": false,
            "map_customer_owned_ip_on_launch": false,
            "map_public_ip_on_launch": false,
            "outpost_arn": "",
            "owner_id": "893095117949",
            "private_dns_hostname_type_on_launch": "ip-name",
            "tags": {},
            "tags_all": {},
            "timeouts": null,
            "vpc_id": "vpc-07f4ccfd91507f291"
          },
          "sensitive_attributes": [],
          "private": "eyJlMmJmYjczMC1lY2FhLTExZTYtOGY4OC0zNDM2M2JjN2M0YzAiOnsiY3JlYXRlIjo2MDAwMDAwMDAwMDAsImRlbGV0ZSI6MTIwMDAwMDAwMDAwMH0sInNjaGVtYV92ZXJzaW9uIjoiMSJ9",
          "dependencies": [
            "aws_vpc.example"
          ]
        }
      ]
    },
    {
      "mode": "managed",
      "type": "aws_subnet",
      "name": "private_1",
      "provider": "provider[\"registry.terraform.io/hashicorp/aws\"]",
      "instances": [
        {
          "schema_version": 1,
          "attributes": {
            "arn": "arn:aws:ec2:ap-northeast-1:893095117949:subnet/subnet-0949e8bab15a55ee8",
            "assign_ipv6_address_on_creation": false,
            "availability_zone": "ap-northeast-1c",
            "availability_zone_id": "apne1-az1",
            "cidr_block": "10.0.65.0/24",
            "customer_owned_ipv4_pool": "",
            "enable_dns64": false,
            "enable_resource_name_dns_a_record_on_launch": false,
            "enable_resource_name_dns_aaaa_record_on_launch": false,
            "id": "subnet-0949e8bab15a55ee8",
            "ipv6_cidr_block": "",
            "ipv6_cidr_block_association_id": "",
            "ipv6_native": false,
            "map_customer_owned_ip_on_launch": false,
            "map_public_ip_on_launch": false,
            "outpost_arn": "",
            "owner_id": "893095117949",
            "private_dns_hostname_type_on_launch": "ip-name",
            "tags": {},
            "tags_all": {},
            "timeouts": null,
            "vpc_id": "vpc-07f4ccfd91507f291"
          },
          "sensitive_attributes": [],
          "private": "eyJlMmJmYjczMC1lY2FhLTExZTYtOGY4OC0zNDM2M2JjN2M0YzAiOnsiY3JlYXRlIjo2MDAwMDAwMDAwMDAsImRlbGV0ZSI6MTIwMDAwMDAwMDAwMH0sInNjaGVtYV92ZXJzaW9uIjoiMSJ9",
          "dependencies": [
            "aws_vpc.example"
          ]
        }
      ]
    },
    {
      "mode": "managed",
      "type": "aws_subnet",
      "name": "public_0",
      "provider": "provider[\"registry.terraform.io/hashicorp/aws\"]",
      "instances": [
        {
          "schema_version": 1,
          "attributes": {
            "arn": "arn:aws:ec2:ap-northeast-1:893095117949:subnet/subnet-02daf1733da5868e4",
            "assign_ipv6_address_on_creation": false,
            "availability_zone": "ap-northeast-1a",
            "availability_zone_id": "apne1-az4",
            "cidr_block": "10.0.1.0/24",
            "customer_owned_ipv4_pool": "",
            "enable_dns64": false,
            "enable_resource_name_dns_a_record_on_launch": false,
            "enable_resource_name_dns_aaaa_record_on_launch": false,
            "id": "subnet-02daf1733da5868e4",
            "ipv6_cidr_block": "",
            "ipv6_cidr_block_association_id": "",
            "ipv6_native": false,
            "map_customer_owned_ip_on_launch": false,
            "map_public_ip_on_launch": true,
            "outpost_arn": "",
            "owner_id": "893095117949",
            "private_dns_hostname_type_on_launch": "ip-name",
            "tags": {},
            "tags_all": {},
            "timeouts": null,
            "vpc_id": "vpc-07f4ccfd91507f291"
          },
          "sensitive_attributes": [],
          "private": "eyJlMmJmYjczMC1lY2FhLTExZTYtOGY4OC0zNDM2M2JjN2M0YzAiOnsiY3JlYXRlIjo2MDAwMDAwMDAwMDAsImRlbGV0ZSI6MTIwMDAwMDAwMDAwMH0sInNjaGVtYV92ZXJzaW9uIjoiMSJ9",
          "dependencies": [
            "aws_vpc.example"
          ],
          "create_before_destroy": true
        }
      ]
    },
    {
      "mode": "managed",
      "type": "aws_subnet",
      "name": "public_1",
      "provider": "provider[\"registry.terraform.io/hashicorp/aws\"]",
      "instances": [
        {
          "schema_version": 1,
          "attributes": {
            "arn": "arn:aws:ec2:ap-northeast-1:893095117949:subnet/subnet-02b3f0112241a267d",
            "assign_ipv6_address_on_creation": false,
            "availability_zone": "ap-northeast-1c",
            "availability_zone_id": "apne1-az1",
            "cidr_block": "10.0.2.0/24",
            "customer_owned_ipv4_pool": "",
            "enable_dns64": false,
            "enable_resource_name_dns_a_record_on_launch": false,
            "enable_resource_name_dns_aaaa_record_on_launch": false,
            "id": "subnet-02b3f0112241a267d",
            "ipv6_cidr_block": "",
            "ipv6_cidr_block_association_id": "",
            "ipv6_native": false,
            "map_customer_owned_ip_on_launch": false,
            "map_public_ip_on_launch": true,
            "outpost_arn": "",
            "owner_id": "893095117949",
            "private_dns_hostname_type_on_launch": "ip-name",
            "tags": {},
            "tags_all": {},
            "timeouts": null,
            "vpc_id": "vpc-07f4ccfd91507f291"
          },
          "sensitive_attributes": [],
          "private": "eyJlMmJmYjczMC1lY2FhLTExZTYtOGY4OC0zNDM2M2JjN2M0YzAiOnsiY3JlYXRlIjo2MDAwMDAwMDAwMDAsImRlbGV0ZSI6MTIwMDAwMDAwMDAwMH0sInNjaGVtYV92ZXJzaW9uIjoiMSJ9",
          "dependencies": [
            "aws_vpc.example"
          ],
          "create_before_destroy": true
        }
      ]
    },
    {
      "mode": "managed",
      "type": "aws_vpc",
      "name": "example",
      "provider": "provider[\"registry.terraform.io/hashicorp/aws\"]",
      "instances": [
        {
          "schema_version": 1,
          "attributes": {
            "arn": "arn:aws:ec2:ap-northeast-1:893095117949:vpc/vpc-07f4ccfd91507f291",
            "assign_generated_ipv6_cidr_block": false,
            "cidr_block": "10.0.0.0/16",
            "default_network_acl_id": "acl-0e50deb2b198a02dd",
            "default_route_table_id": "rtb-0f77fad590c75c4c6",
            "default_security_group_id": "sg-01b4eca075ed28794",
            "dhcp_options_id": "dopt-0a0fc12b8b2507d99",
            "enable_classiclink": false,
            "enable_classiclink_dns_support": false,
            "enable_dns_hostnames": true,
            "enable_dns_support": true,
            "id": "vpc-07f4ccfd91507f291",
            "instance_tenancy": "default",
            "ipv4_ipam_pool_id": null,
            "ipv4_netmask_length": null,
            "ipv6_association_id": "",
            "ipv6_cidr_block": "",
            "ipv6_cidr_block_network_border_group": "",
            "ipv6_ipam_pool_id": "",
            "ipv6_netmask_length": 0,
            "main_route_table_id": "rtb-0f77fad590c75c4c6",
            "owner_id": "893095117949",
            "tags": {
              "Name": "example"
            },
            "tags_all": {
              "Name": "example"
            }
          },
          "sensitive_attributes": [],
          "private": "eyJzY2hlbWFfdmVyc2lvbiI6IjEifQ==",
          "create_before_destroy": true
        }
      ]
    },
    {
      "module": "module.http_redirect_sg",
      "mode": "managed",
      "type": "aws_security_group",
      "name": "default",
      "provider": "provider[\"registry.terraform.io/hashicorp/aws\"]",
      "instances": [
        {
          "schema_version": 1,
          "attributes": {
            "arn": "arn:aws:ec2:ap-northeast-1:893095117949:security-group/sg-0a6cdad2e690b474b",
            "description": "Managed by Terraform",
            "egress": [
              {
                "cidr_blocks": [
                  "0.0.0.0/0"
                ],
                "description": "",
                "from_port": 0,
                "ipv6_cidr_blocks": [],
                "prefix_list_ids": [],
                "protocol": "-1",
                "security_groups": [],
                "self": false,
                "to_port": 0
              }
            ],
            "id": "sg-0a6cdad2e690b474b",
            "ingress": [
              {
                "cidr_blocks": [
                  "0.0.0.0/0"
                ],
                "description": "",
                "from_port": 8080,
                "ipv6_cidr_blocks": [],
                "prefix_list_ids": [],
                "protocol": "tcp",
                "security_groups": [],
                "self": false,
                "to_port": 8080
              }
            ],
            "name": "http_redirect_sg",
            "name_prefix": "",
            "owner_id": "893095117949",
            "revoke_rules_on_delete": false,
            "tags": {},
            "tags_all": {},
            "timeouts": null,
            "vpc_id": "vpc-07f4ccfd91507f291"
          },
          "sensitive_attributes": [],
          "private": "eyJlMmJmYjczMC1lY2FhLTExZTYtOGY4OC0zNDM2M2JjN2M0YzAiOnsiY3JlYXRlIjo2MDAwMDAwMDAwMDAsImRlbGV0ZSI6OTAwMDAwMDAwMDAwfSwic2NoZW1hX3ZlcnNpb24iOiIxIn0=",
          "dependencies": [
            "aws_vpc.example"
          ],
          "create_before_destroy": true
        }
      ]
    },
    {
      "module": "module.http_redirect_sg",
      "mode": "managed",
      "type": "aws_security_group_rule",
      "name": "egress_default",
      "provider": "provider[\"registry.terraform.io/hashicorp/aws\"]",
      "instances": [
        {
          "schema_version": 2,
          "attributes": {
            "cidr_blocks": [
              "0.0.0.0/0"
            ],
            "description": "",
            "from_port": 0,
            "id": "sgrule-3942969033",
            "ipv6_cidr_blocks": [],
            "prefix_list_ids": [],
            "protocol": "-1",
            "security_group_id": "sg-0a6cdad2e690b474b",
            "self": false,
            "source_security_group_id": null,
            "to_port": 0,
            "type": "egress"
          },
          "sensitive_attributes": [],
          "private": "eyJzY2hlbWFfdmVyc2lvbiI6IjIifQ==",
          "dependencies": [
            "aws_vpc.example",
            "module.http_redirect_sg.aws_security_group.default"
          ]
        }
      ]
    },
    {
      "module": "module.http_redirect_sg",
      "mode": "managed",
      "type": "aws_security_group_rule",
      "name": "ingress_default",
      "provider": "provider[\"registry.terraform.io/hashicorp/aws\"]",
      "instances": [
        {
          "schema_version": 2,
          "attributes": {
            "cidr_blocks": [
              "0.0.0.0/0"
            ],
            "description": "",
            "from_port": 8080,
            "id": "sgrule-1190808669",
            "ipv6_cidr_blocks": [],
            "prefix_list_ids": [],
            "protocol": "tcp",
            "security_group_id": "sg-0a6cdad2e690b474b",
            "self": false,
            "source_security_group_id": null,
            "to_port": 8080,
            "type": "ingress"
          },
          "sensitive_attributes": [],
          "private": "eyJzY2hlbWFfdmVyc2lvbiI6IjIifQ==",
          "dependencies": [
            "aws_vpc.example",
            "module.http_redirect_sg.aws_security_group.default"
          ]
        }
      ]
    },
    {
      "module": "module.http_sg",
      "mode": "managed",
      "type": "aws_security_group",
      "name": "default",
      "provider": "provider[\"registry.terraform.io/hashicorp/aws\"]",
      "instances": [
        {
          "schema_version": 1,
          "attributes": {
            "arn": "arn:aws:ec2:ap-northeast-1:893095117949:security-group/sg-0ea8c2709b2a64a67",
            "description": "Managed by Terraform",
            "egress": [
              {
                "cidr_blocks": [
                  "0.0.0.0/0"
                ],
                "description": "",
                "from_port": 0,
                "ipv6_cidr_blocks": [],
                "prefix_list_ids": [],
                "protocol": "-1",
                "security_groups": [],
                "self": false,
                "to_port": 0
              }
            ],
            "id": "sg-0ea8c2709b2a64a67",
            "ingress": [
              {
                "cidr_blocks": [
                  "0.0.0.0/0"
                ],
                "description": "",
                "from_port": 80,
                "ipv6_cidr_blocks": [],
                "prefix_list_ids": [],
                "protocol": "tcp",
                "security_groups": [],
                "self": false,
                "to_port": 80
              }
            ],
            "name": "http_sg",
            "name_prefix": "",
            "owner_id": "893095117949",
            "revoke_rules_on_delete": false,
            "tags": {},
            "tags_all": {},
            "timeouts": null,
            "vpc_id": "vpc-07f4ccfd91507f291"
          },
          "sensitive_attributes": [],
          "private": "eyJlMmJmYjczMC1lY2FhLTExZTYtOGY4OC0zNDM2M2JjN2M0YzAiOnsiY3JlYXRlIjo2MDAwMDAwMDAwMDAsImRlbGV0ZSI6OTAwMDAwMDAwMDAwfSwic2NoZW1hX3ZlcnNpb24iOiIxIn0=",
          "dependencies": [
            "aws_vpc.example"
          ],
          "create_before_destroy": true
        }
      ]
    },
    {
      "module": "module.http_sg",
      "mode": "managed",
      "type": "aws_security_group_rule",
      "name": "egress_default",
      "provider": "provider[\"registry.terraform.io/hashicorp/aws\"]",
      "instances": [
        {
          "schema_version": 2,
          "attributes": {
            "cidr_blocks": [
              "0.0.0.0/0"
            ],
            "description": "",
            "from_port": 0,
            "id": "sgrule-34731745",
            "ipv6_cidr_blocks": [],
            "prefix_list_ids": [],
            "protocol": "-1",
            "security_group_id": "sg-0ea8c2709b2a64a67",
            "self": false,
            "source_security_group_id": null,
            "to_port": 0,
            "type": "egress"
          },
          "sensitive_attributes": [],
          "private": "eyJzY2hlbWFfdmVyc2lvbiI6IjIifQ==",
          "dependencies": [
            "aws_vpc.example",
            "module.http_sg.aws_security_group.default"
          ]
        }
      ]
    },
    {
      "module": "module.http_sg",
      "mode": "managed",
      "type": "aws_security_group_rule",
      "name": "ingress_default",
      "provider": "provider[\"registry.terraform.io/hashicorp/aws\"]",
      "instances": [
        {
          "schema_version": 2,
          "attributes": {
            "cidr_blocks": [
              "0.0.0.0/0"
            ],
            "description": "",
            "from_port": 80,
            "id": "sgrule-22932601",
            "ipv6_cidr_blocks": [],
            "prefix_list_ids": [],
            "protocol": "tcp",
            "security_group_id": "sg-0ea8c2709b2a64a67",
            "self": false,
            "source_security_group_id": null,
            "to_port": 80,
            "type": "ingress"
          },
          "sensitive_attributes": [],
          "private": "eyJzY2hlbWFfdmVyc2lvbiI6IjIifQ==",
          "dependencies": [
            "aws_vpc.example",
            "module.http_sg.aws_security_group.default"
          ]
        }
      ]
    },
    {
      "module": "module.https_sg",
      "mode": "managed",
      "type": "aws_security_group",
      "name": "default",
      "provider": "provider[\"registry.terraform.io/hashicorp/aws\"]",
      "instances": [
        {
          "schema_version": 1,
          "attributes": {
            "arn": "arn:aws:ec2:ap-northeast-1:893095117949:security-group/sg-0fc804f0b432859e3",
            "description": "Managed by Terraform",
            "egress": [
              {
                "cidr_blocks": [
                  "0.0.0.0/0"
                ],
                "description": "",
                "from_port": 0,
                "ipv6_cidr_blocks": [],
                "prefix_list_ids": [],
                "protocol": "-1",
                "security_groups": [],
                "self": false,
                "to_port": 0
              }
            ],
            "id": "sg-0fc804f0b432859e3",
            "ingress": [
              {
                "cidr_blocks": [
                  "0.0.0.0/0"
                ],
                "description": "",
                "from_port": 443,
                "ipv6_cidr_blocks": [],
                "prefix_list_ids": [],
                "protocol": "tcp",
                "security_groups": [],
                "self": false,
                "to_port": 443
              }
            ],
            "name": "https_sg",
            "name_prefix": "",
            "owner_id": "893095117949",
            "revoke_rules_on_delete": false,
            "tags": {},
            "tags_all": {},
            "timeouts": null,
            "vpc_id": "vpc-07f4ccfd91507f291"
          },
          "sensitive_attributes": [],
          "private": "eyJlMmJmYjczMC1lY2FhLTExZTYtOGY4OC0zNDM2M2JjN2M0YzAiOnsiY3JlYXRlIjo2MDAwMDAwMDAwMDAsImRlbGV0ZSI6OTAwMDAwMDAwMDAwfSwic2NoZW1hX3ZlcnNpb24iOiIxIn0=",
          "dependencies": [
            "aws_vpc.example"
          ],
          "create_before_destroy": true
        }
      ]
    },
    {
      "module": "module.https_sg",
      "mode": "managed",
      "type": "aws_security_group_rule",
      "name": "egress_default",
      "provider": "provider[\"registry.terraform.io/hashicorp/aws\"]",
      "instances": [
        {
          "schema_version": 2,
          "attributes": {
            "cidr_blocks": [
              "0.0.0.0/0"
            ],
            "description": "",
            "from_port": 0,
            "id": "sgrule-166721185",
            "ipv6_cidr_blocks": [],
            "prefix_list_ids": [],
            "protocol": "-1",
            "security_group_id": "sg-0fc804f0b432859e3",
            "self": false,
            "source_security_group_id": null,
            "to_port": 0,
            "type": "egress"
          },
          "sensitive_attributes": [],
          "private": "eyJzY2hlbWFfdmVyc2lvbiI6IjIifQ==",
          "dependencies": [
            "aws_vpc.example",
            "module.https_sg.aws_security_group.default"
          ]
        }
      ]
    },
    {
      "module": "module.https_sg",
      "mode": "managed",
      "type": "aws_security_group_rule",
      "name": "ingress_default",
      "provider": "provider[\"registry.terraform.io/hashicorp/aws\"]",
      "instances": [
        {
          "schema_version": 2,
          "attributes": {
            "cidr_blocks": [
              "0.0.0.0/0"
            ],
            "description": "",
            "from_port": 443,
            "id": "sgrule-2269010529",
            "ipv6_cidr_blocks": [],
            "prefix_list_ids": [],
            "protocol": "tcp",
            "security_group_id": "sg-0fc804f0b432859e3",
            "self": false,
            "source_security_group_id": null,
            "to_port": 443,
            "type": "ingress"
          },
          "sensitive_attributes": [],
          "private": "eyJzY2hlbWFfdmVyc2lvbiI6IjIifQ==",
          "dependencies": [
            "aws_vpc.example",
            "module.https_sg.aws_security_group.default"
          ]
        }
      ]
    }
  ]
}
